
Microsoft Visual Studio Solution File, Format Version 12.00
# Visual Studio Version 17
VisualStudioVersion = 17.13.35825.156 d17.13
MinimumVisualStudioVersion = 10.0.40219.1
Project("{FAE04EC0-301F-11D3-BF4B-00C04F79EFBC}") = "DMS.Demo.GitVersion.CMD.ProjectFile", "DMS.Demo.GitVersion.CMD.ProjectFile.csproj", "{EFA978E4-E385-4C7C-994A-F321C27C8DA6}"
EndProject
Global
	GlobalSection(SolutionConfigurationPlatforms) = preSolution
		Debug|Any CPU = Debug|Any CPU
		Release|Any CPU = Release|Any CPU
	EndGlobalSection
	GlobalSection(ProjectConfigurationPlatforms) = postSolution
		{EFA978E4-E385-4C7C-994A-F321C27C8DA6}.Debug|Any CPU.ActiveCfg = Debug|Any CPU
		{EFA978E4-E385-4C7C-994A-F321C27C8DA6}.Debug|Any CPU.Build.0 = Debug|Any CPU
		{EFA978E4-E385-4C7C-994A-F321C27C8DA6}.Release|Any CPU.ActiveCfg = Release|Any CPU
		{EFA978E4-E385-4C7C-994A-F321C27C8DA6}.Release|Any CPU.Build.0 = Release|Any CPU
	EndGlobalSection
	GlobalSection(SolutionProperties) = preSolution
		HideSolutionNode = FALSE
	EndGlobalSection
	GlobalSection(ExtensibilityGlobals) = postSolution
		SolutionGuid = {F5F14CDA-7E28-4F66-B48C-F25311CE97C8}
	EndGlobalSection
EndGlobal
